
Microsoft Visual Studio Solution File, Format Version 12.00
# Visual Studio Version 16
VisualStudioVersion = 16.0.31025.194
MinimumVisualStudioVersion = 10.0.40219.1
Project("{9A19103F-16F7-4668-BE54-9A1E7A4F7556}") = "MetricsApp", "MetricsApp.csproj", "{3BADDBE2-287D-40B2-B048-A61238C060E6}"
EndProject
Global
	GlobalSection(SolutionConfigurationPlatforms) = preSolution
		Debug|Any CPU = Debug|Any CPU
		Release|Any CPU = Release|Any CPU
	EndGlobalSection
	GlobalSection(ProjectConfigurationPlatforms) = postSolution
		{3BADDBE2-287D-40B2-B048-A61238C060E6}.Debug|Any CPU.ActiveCfg = Debug|Any CPU
		{3BADDBE2-287D-40B2-B048-A61238C060E6}.Debug|Any CPU.Build.0 = Debug|Any CPU
		{3BADDBE2-287D-40B2-B048-A61238C060E6}.Release|Any CPU.ActiveCfg = Release|Any CPU
		{3BADDBE2-287D-40B2-B048-A61238C060E6}.Release|Any CPU.Build.0 = Release|Any CPU
	EndGlobalSection
	GlobalSection(SolutionProperties) = preSolution
		HideSolutionNode = FALSE
	EndGlobalSection
	GlobalSection(ExtensibilityGlobals) = postSolution
		SolutionGuid = {1ED2025F-2BBB-4B4A-831E-8955EB052509}
	EndGlobalSection
EndGlobal
